
Microsoft Visual Studio Solution File, Format Version 12.00
# Visual Studio Version 17
VisualStudioVersion = 17.9.34616.47
MinimumVisualStudioVersion = 10.0.40219.1
Project("{FAE04EC0-301F-11D3-BF4B-00C04F79EFBC}") = "CarStoreApiWithDatabase", "CarStoreApiWithDatabase\CarStoreApiWithDatabase.csproj", "{F50C2E10-F393-4D11-919A-DB7FDB3477FE}"
EndProject
Global
	GlobalSection(SolutionConfigurationPlatforms) = preSolution
		Debug|Any CPU = Debug|Any CPU
		Release|Any CPU = Release|Any CPU
	EndGlobalSection
	GlobalSection(ProjectConfigurationPlatforms) = postSolution
		{F50C2E10-F393-4D11-919A-DB7FDB3477FE}.Debug|Any CPU.ActiveCfg = Debug|Any CPU
		{F50C2E10-F393-4D11-919A-DB7FDB3477FE}.Debug|Any CPU.Build.0 = Debug|Any CPU
		{F50C2E10-F393-4D11-919A-DB7FDB3477FE}.Release|Any CPU.ActiveCfg = Release|Any CPU
		{F50C2E10-F393-4D11-919A-DB7FDB3477FE}.Release|Any CPU.Build.0 = Release|Any CPU
	EndGlobalSection
	GlobalSection(SolutionProperties) = preSolution
		HideSolutionNode = FALSE
	EndGlobalSection
	GlobalSection(ExtensibilityGlobals) = postSolution
		SolutionGuid = {87C674EB-A6F6-4EF2-A882-A58889E01EB7}
	EndGlobalSection
EndGlobal
